// !$*UTF8*$!
{
	archiveVersion = 1;
	classes = {
	};
	objectVersion = 50;
	objects = {

/* Begin PBXBuildFile section */
		3F72B4D0273E2A6500D0185F /* AppDelegate.swift in Sources */ = {isa = PBXBuildFile; fileRef = 3F72B4CF273E2A6500D0185F /* AppDelegate.swift */; };
		3F72B4D2273E2A6500D0185F /* SceneDelegate.swift in Sources */ = {isa = PBXBuildFile; fileRef = 3F72B4D1273E2A6500D0185F /* SceneDelegate.swift */; };
		3F72B4D4273E2A6500D0185F /* ViewController.swift in Sources */ = {isa = PBXBuildFile; fileRef = 3F72B4D3273E2A6500D0185F /* ViewController.swift */; };
		3F72B4D7273E2A6500D0185F /* Main.storyboard in Resources */ = {isa = PBXBuildFile; fileRef = 3F72B4D5273E2A6500D0185F /* Main.storyboard */; };
		3F72B4D9273E2A6A00D0185F /* Assets.xcassets in Resources */ = {isa = PBXBuildFile; fileRef = 3F72B4D8273E2A6A00D0185F /* Assets.xcassets */; };
		3F72B4DC273E2A6A00D0185F /* LaunchScreen.storyboard in Resources */ = {isa = PBXBuildFile; fileRef = 3F72B4DA273E2A6A00D0185F /* LaunchScreen.storyboard */; };
		3F72B4E7273E2A6B00D0185F /* Exercise8_Chidambaram_VijayalakshmiTests.swift in Sources */ = {isa = PBXBuildFile; fileRef = 3F72B4E6273E2A6B00D0185F /* Exercise8_Chidambaram_VijayalakshmiTests.swift */; };
		3F72B4F2273E2A6B00D0185F /* Exercise8_Chidambaram_VijayalakshmiUITests.swift in Sources */ = {isa = PBXBuildFile; fileRef = 3F72B4F1273E2A6B00D0185F /* Exercise8_Chidambaram_VijayalakshmiUITests.swift */; };
/* End PBXBuildFile section */

/* Begin PBXContainerItemProxy section */
		3F72B4E3273E2A6B00D0185F /* PBXContainerItemProxy */ = {
			isa = PBXContainerItemProxy;
			containerPortal = 3F72B4C4273E2A6500D0185F /* Project object */;
			proxyType = 1;
			remoteGlobalIDString = 3F72B4CB273E2A6500D0185F;
			remoteInfo = Exercise8_Chidambaram_Vijayalakshmi;
		};
		3F72B4EE273E2A6B00D0185F /* PBXContainerItemProxy */ = {
			isa = PBXContainerItemProxy;
			containerPortal = 3F72B4C4273E2A6500D0185F /* Project object */;
			proxyType = 1;
			remoteGlobalIDString = 3F72B4CB273E2A6500D0185F;
			remoteInfo = Exercise8_Chidambaram_Vijayalakshmi;
		};
/* End PBXContainerItemProxy section */

/* Begin PBXFileReference section */
		3F72B4CC273E2A6500D0185F /* Exercise8_Chidambaram_Vijayalakshmi.app */ = {isa = PBXFileReference; explicitFileType = wrapper.application; includeInIndex = 0; path = Exercise8_Chidambaram_Vijayalakshmi.app; sourceTree = BUILT_PRODUCTS_DIR; };
		3F72B4CF273E2A6500D0185F /* AppDelegate.swift */ = {isa = PBXFileReference; lastKnownFileType = sourcecode.swift; path = AppDelegate.swift; sourceTree = "<group>"; };
		3F72B4D1273E2A6500D0185F /* SceneDelegate.swift */ = {isa = PBXFileReference; lastKnownFileType = sourcecode.swift; path = SceneDelegate.swift; sourceTree = "<group>"; };
		3F72B4D3273E2A6500D0185F /* ViewController.swift */ = {isa = PBXFileReference; lastKnownFileType = sourcecode.swift; path = ViewController.swift; sourceTree = "<group>"; };
		3F72B4D6273E2A6500D0185F /* Base */ = {isa = PBXFileReference; lastKnownFileType = file.storyboard; name = Base; path = Base.lproj/Main.storyboard; sourceTree = "<group>"; };
		3F72B4D8273E2A6A00D0185F /* Assets.xcassets */ = {isa = PBXFileReference; lastKnownFileType = folder.assetcatalog; path = Assets.xcassets; sourceTree = "<group>"; };
		3F72B4DB273E2A6A00D0185F /* Base */ = {isa = PBXFileReference; lastKnownFileType = file.storyboard; name = Base; path = Base.lproj/LaunchScreen.storyboard; sourceTree = "<group>"; };
		3F72B4DD273E2A6A00D0185F /* Info.plist */ = {isa = PBXFileReference; lastKnownFileType = text.plist.xml; path = Info.plist; sourceTree = "<group>"; };
		3F72B4E2273E2A6B00D0185F /* Exercise8_Chidambaram_VijayalakshmiTests.xctest */ = {isa = PBXFileReference; explicitFileType = wrapper.cfbundle; includeInIndex = 0; path = Exercise8_Chidambaram_VijayalakshmiTests.xctest; sourceTree = BUILT_PRODUCTS_DIR; };
		3F72B4E6273E2A6B00D0185F /* Exercise8_Chidambaram_VijayalakshmiTests.swift */ = {isa = PBXFileReference; lastKnownFileType = sourcecode.swift; path = Exercise8_Chidambaram_VijayalakshmiTests.swift; sourceTree = "<group>"; };
		3F72B4E8273E2A6B00D0185F /* Info.plist */ = {isa = PBXFileReference; lastKnownFileType = text.plist.xml; path = Info.plist; sourceTree = "<group>"; };
		3F72B4ED273E2A6B00D0185F /* Exercise8_Chidambaram_VijayalakshmiUITests.xctest */ = {isa = PBXFileReference; explicitFileType = wrapper.cfbundle; includeInIndex = 0; path = Exercise8_Chidambaram_VijayalakshmiUITests.xctest; sourceTree = BUILT_PRODUCTS_DIR; };
		3F72B4F1273E2A6B00D0185F /* Exercise8_Chidambaram_VijayalakshmiUITests.swift */ = {isa = PBXFileReference; lastKnownFileType = sourcecode.swift; path = Exercise8_Chidambaram_VijayalakshmiUITests.swift; sourceTree = "<group>"; };
		3F72B4F3273E2A6B00D0185F /* Info.plist */ = {isa = PBXFileReference; lastKnownFileType = text.plist.xml; path = Info.plist; sourceTree = "<group>"; };
/* End PBXFileReference section */

/* Begin PBXFrameworksBuildPhase section */
		3F72B4C9273E2A6500D0185F /* Frameworks */ = {
			isa = PBXFrameworksBuildPhase;
			buildActionMask = 2147483647;
			files = (
			);
			runOnlyForDeploymentPostprocessing = 0;
		};
		3F72B4DF273E2A6B00D0185F /* Frameworks */ = {
			isa = PBXFrameworksBuildPhase;
			buildActionMask = 2147483647;
			files = (
			);
			runOnlyForDeploymentPostprocessing = 0;
		};
		3F72B4EA273E2A6B00D0185F /* Frameworks */ = {
			isa = PBXFrameworksBuildPhase;
			buildActionMask = 2147483647;
			files = (
			);
			runOnlyForDeploymentPostprocessing = 0;
		};
/* End PBXFrameworksBuildPhase section */

/* Begin PBXGroup section */
		3F72B4C3273E2A6500D0185F = {
			isa = PBXGroup;
			children = (
				3F72B4CE273E2A6500D0185F /* Exercise8_Chidambaram_Vijayalakshmi */,
				3F72B4E5273E2A6B00D0185F /* Exercise8_Chidambaram_VijayalakshmiTests */,
				3F72B4F0273E2A6B00D0185F /* Exercise8_Chidambaram_VijayalakshmiUITests */,
				3F72B4CD273E2A6500D0185F /* Products */,
			);
			sourceTree = "<group>";
		};
		3F72B4CD273E2A6500D0185F /* Products */ = {
			isa = PBXGroup;
			children = (
				3F72B4CC273E2A6500D0185F /* Exercise8_Chidambaram_Vijayalakshmi.app */,
				3F72B4E2273E2A6B00D0185F /* Exercise8_Chidambaram_VijayalakshmiTests.xctest */,
				3F72B4ED273E2A6B00D0185F /* Exercise8_Chidambaram_VijayalakshmiUITests.xctest */,
			);
			name = Products;
			sourceTree = "<group>";
		};
		3F72B4CE273E2A6500D0185F /* Exercise8_Chidambaram_Vijayalakshmi */ = {
			isa = PBXGroup;
			children = (
				3F72B4CF273E2A6500D0185F /* AppDelegate.swift */,
				3F72B4D1273E2A6500D0185F /* SceneDelegate.swift */,
				3F72B4D3273E2A6500D0185F /* ViewController.swift */,
				3F72B4D5273E2A6500D0185F /* Main.storyboard */,
				3F72B4D8273E2A6A00D0185F /* Assets.xcassets */,
				3F72B4DA273E2A6A00D0185F /* LaunchScreen.storyboard */,
				3F72B4DD273E2A6A00D0185F /* Info.plist */,
			);
			path = Exercise8_Chidambaram_Vijayalakshmi;
			sourceTree = "<group>";
		};
		3F72B4E5273E2A6B00D0185F /* Exercise8_Chidambaram_VijayalakshmiTests */ = {
			isa = PBXGroup;
			children = (
				3F72B4E6273E2A6B00D0185F /* Exercise8_Chidambaram_VijayalakshmiTests.swift */,
				3F72B4E8273E2A6B00D0185F /* Info.plist */,
			);
			path = Exercise8_Chidambaram_VijayalakshmiTests;
			sourceTree = "<group>";
		};
		3F72B4F0273E2A6B00D0185F /* Exercise8_Chidambaram_VijayalakshmiUITests */ = {
			isa = PBXGroup;
			children = (
				3F72B4F1273E2A6B00D0185F /* Exercise8_Chidambaram_VijayalakshmiUITests.swift */,
				3F72B4F3273E2A6B00D0185F /* Info.plist */,
			);
			path = Exercise8_Chidambaram_VijayalakshmiUITests;
			sourceTree = "<group>";
		};
/* End PBXGroup section */

/* Begin PBXNativeTarget section */
		3F72B4CB273E2A6500D0185F /* Exercise8_Chidambaram_Vijayalakshmi */ = {
			isa = PBXNativeTarget;
			buildConfigurationList = 3F72B4F6273E2A6B00D0185F /* Build configuration list for PBXNativeTarget "Exercise8_Chidambaram_Vijayalakshmi" */;
			buildPhases = (
				3F72B4C8273E2A6500D0185F /* Sources */,
				3F72B4C9273E2A6500D0185F /* Frameworks */,
				3F72B4CA273E2A6500D0185F /* Resources */,
			);
			buildRules = (
			);
			dependencies = (
			);
			name = Exercise8_Chidambaram_Vijayalakshmi;
			productName = Exercise8_Chidambaram_Vijayalakshmi;
			productReference = 3F72B4CC273E2A6500D0185F /* Exercise8_Chidambaram_Vijayalakshmi.app */;
			productType = "com.apple.product-type.application";
		};
		3F72B4E1273E2A6B00D0185F /* Exercise8_Chidambaram_VijayalakshmiTests */ = {
			isa = PBXNativeTarget;
			buildConfigurationList = 3F72B4F9273E2A6B00D0185F /* Build configuration list for PBXNativeTarget "Exercise8_Chidambaram_VijayalakshmiTests" */;
			buildPhases = (
				3F72B4DE273E2A6B00D0185F /* Sources */,
				3F72B4DF273E2A6B00D0185F /* Frameworks */,
				3F72B4E0273E2A6B00D0185F /* Resources */,
			);
			buildRules = (
			);
			dependencies = (
				3F72B4E4273E2A6B00D0185F /* PBXTargetDependency */,
			);
			name = Exercise8_Chidambaram_VijayalakshmiTests;
			productName = Exercise8_Chidambaram_VijayalakshmiTests;
			productReference = 3F72B4E2273E2A6B00D0185F /* Exercise8_Chidambaram_VijayalakshmiTests.xctest */;
			productType = "com.apple.product-type.bundle.unit-test";
		};
		3F72B4EC273E2A6B00D0185F /* Exercise8_Chidambaram_VijayalakshmiUITests */ = {
			isa = PBXNativeTarget;
			buildConfigurationList = 3F72B4FC273E2A6B00D0185F /* Build configuration list for PBXNativeTarget "Exercise8_Chidambaram_VijayalakshmiUITests" */;
			buildPhases = (
				3F72B4E9273E2A6B00D0185F /* Sources */,
				3F72B4EA273E2A6B00D0185F /* Frameworks */,
				3F72B4EB273E2A6B00D0185F /* Resources */,
			);
			buildRules = (
			);
			dependencies = (
				3F72B4EF273E2A6B00D0185F /* PBXTargetDependency */,
			);
			name = Exercise8_Chidambaram_VijayalakshmiUITests;
			productName = Exercise8_Chidambaram_VijayalakshmiUITests;
			productReference = 3F72B4ED273E2A6B00D0185F /* Exercise8_Chidambaram_VijayalakshmiUITests.xctest */;
			productType = "com.apple.product-type.bundle.ui-testing";
		};
/* End PBXNativeTarget section */

/* Begin PBXProject section */
		3F72B4C4273E2A6500D0185F /* Project object */ = {
			isa = PBXProject;
			attributes = {
				LastSwiftUpdateCheck = 1250;
				LastUpgradeCheck = 1250;
				TargetAttributes = {
					3F72B4CB273E2A6500D0185F = {
						CreatedOnToolsVersion = 12.5.1;
					};
					3F72B4E1273E2A6B00D0185F = {
						CreatedOnToolsVersion = 12.5.1;
						TestTargetID = 3F72B4CB273E2A6500D0185F;
					};
					3F72B4EC273E2A6B00D0185F = {
						CreatedOnToolsVersion = 12.5.1;
						TestTargetID = 3F72B4CB273E2A6500D0185F;
					};
				};
			};
			buildConfigurationList = 3F72B4C7273E2A6500D0185F /* Build configuration list for PBXProject "Exercise8_Chidambaram_Vijayalakshmi" */;
			compatibilityVersion = "Xcode 9.3";
			developmentRegion = en;
			hasScannedForEncodings = 0;
			knownRegions = (
				en,
				Base,
			);
			mainGroup = 3F72B4C3273E2A6500D0185F;
			productRefGroup = 3F72B4CD273E2A6500D0185F /* Products */;
			projectDirPath = "";
			projectRoot = "";
			targets = (
				3F72B4CB273E2A6500D0185F /* Exercise8_Chidambaram_Vijayalakshmi */,
				3F72B4E1273E2A6B00D0185F /* Exercise8_Chidambaram_VijayalakshmiTests */,
				3F72B4EC273E2A6B00D0185F /* Exercise8_Chidambaram_VijayalakshmiUITests */,
			);
		};
/* End PBXProject section */

/* Begin PBXResourcesBuildPhase section */
		3F72B4CA273E2A6500D0185F /* Resources */ = {
			isa = PBXResourcesBuildPhase;
			buildActionMask = 2147483647;
			files = (
				3F72B4DC273E2A6A00D0185F /* LaunchScreen.storyboard in Resources */,
				3F72B4D9273E2A6A00D0185F /* Assets.xcassets in Resources */,
				3F72B4D7273E2A6500D0185F /* Main.storyboard in Resources */,
			);
			runOnlyForDeploymentPostprocessing = 0;
		};
		3F72B4E0273E2A6B00D0185F /* Resources */ = {
			isa = PBXResourcesBuildPhase;
			buildActionMask = 2147483647;
			files = (
			);
			runOnlyForDeploymentPostprocessing = 0;
		};
		3F72B4EB273E2A6B00D0185F /* Resources */ = {
			isa = PBXResourcesBuildPhase;
			buildActionMask = 2147483647;
			files = (
			);
			runOnlyForDeploymentPostprocessing = 0;
		};
/* End PBXResourcesBuildPhase section */

/* Begin PBXSourcesBuildPhase section */
		3F72B4C8273E2A6500D0185F /* Sources */ = {
			isa = PBXSourcesBuildPhase;
			buildActionMask = 2147483647;
			files = (
				3F72B4D4273E2A6500D0185F /* ViewController.swift in Sources */,
				3F72B4D0273E2A6500D0185F /* AppDelegate.swift in Sources */,
				3F72B4D2273E2A6500D0185F /* SceneDelegate.swift in Sources */,
			);
			runOnlyForDeploymentPostprocessing = 0;
		};
		3F72B4DE273E2A6B00D0185F /* Sources */ = {
			isa = PBXSourcesBuildPhase;
			buildActionMask = 2147483647;
			files = (
				3F72B4E7273E2A6B00D0185F /* Exercise8_Chidambaram_VijayalakshmiTests.swift in Sources */,
			);
			runOnlyForDeploymentPostprocessing = 0;
		};
		3F72B4E9273E2A6B00D0185F /* Sources */ = {
			isa = PBXSourcesBuildPhase;
			buildActionMask = 2147483647;
			files = (
				3F72B4F2273E2A6B00D0185F /* Exercise8_Chidambaram_VijayalakshmiUITests.swift in Sources */,
			);
			runOnlyForDeploymentPostprocessing = 0;
		};
/* End PBXSourcesBuildPhase section */

/* Begin PBXTargetDependency section */
		3F72B4E4273E2A6B00D0185F /* PBXTargetDependency */ = {
			isa = PBXTargetDependency;
			target = 3F72B4CB273E2A6500D0185F /* Exercise8_Chidambaram_Vijayalakshmi */;
			targetProxy = 3F72B4E3273E2A6B00D0185F /* PBXContainerItemProxy */;
		};
		3F72B4EF273E2A6B00D0185F /* PBXTargetDependency */ = {
			isa = PBXTargetDependency;
			target = 3F72B4CB273E2A6500D0185F /* Exercise8_Chidambaram_Vijayalakshmi */;
			targetProxy = 3F72B4EE273E2A6B00D0185F /* PBXContainerItemProxy */;
		};
/* End PBXTargetDependency section */

/* Begin PBXVariantGroup section */
		3F72B4D5273E2A6500D0185F /* Main.storyboard */ = {
			isa = PBXVariantGroup;
			children = (
				3F72B4D6273E2A6500D0185F /* Base */,
			);
			name = Main.storyboard;
			sourceTree = "<group>";
		};
		3F72B4DA273E2A6A00D0185F /* LaunchScreen.storyboard */ = {
			isa = PBXVariantGroup;
			children = (
				3F72B4DB273E2A6A00D0185F /* Base */,
			);
			name = LaunchScreen.storyboard;
			sourceTree = "<group>";
		};
/* End PBXVariantGroup section */

/* Begin XCBuildConfiguration section */
		3F72B4F4273E2A6B00D0185F /* Debug */ = {
			isa = XCBuildConfiguration;
			buildSettings = {
				ALWAYS_SEARCH_USER_PATHS = NO;
				CLANG_ANALYZER_NONNULL = YES;
				CLANG_ANALYZER_NUMBER_OBJECT_CONVERSION = YES_AGGRESSIVE;
				CLANG_CXX_LANGUAGE_STANDARD = "gnu++14";
				CLANG_CXX_LIBRARY = "libc++";
				CLANG_ENABLE_MODULES = YES;
				CLANG_ENABLE_OBJC_ARC = YES;
				CLANG_ENABLE_OBJC_WEAK = YES;
				CLANG_WARN_BLOCK_CAPTURE_AUTORELEASING = YES;
				CLANG_WARN_BOOL_CONVERSION = YES;
				CLANG_WARN_COMMA = YES;
				CLANG_WARN_CONSTANT_CONVERSION = YES;
				CLANG_WARN_DEPRECATED_OBJC_IMPLEMENTATIONS = YES;
				CLANG_WARN_DIRECT_OBJC_ISA_USAGE = YES_ERROR;
				CLANG_WARN_DOCUMENTATION_COMMENTS = YES;
				CLANG_WARN_EMPTY_BODY = YES;
				CLANG_WARN_ENUM_CONVERSION = YES;
				CLANG_WARN_INFINITE_RECURSION = YES;
				CLANG_WARN_INT_CONVERSION = YES;
				CLANG_WARN_NON_LITERAL_NULL_CONVERSION = YES;
				CLANG_WARN_OBJC_IMPLICIT_RETAIN_SELF = YES;
				CLANG_WARN_OBJC_LITERAL_CONVERSION = YES;
				CLANG_WARN_OBJC_ROOT_CLASS = YES_ERROR;
				CLANG_WARN_QUOTED_INCLUDE_IN_FRAMEWORK_HEADER = YES;
				CLANG_WARN_RANGE_LOOP_ANALYSIS = YES;
				CLANG_WARN_STRICT_PROTOTYPES = YES;
				CLANG_WARN_SUSPICIOUS_MOVE = YES;
				CLANG_WARN_UNGUARDED_AVAILABILITY = YES_AGGRESSIVE;
				CLANG_WARN_UNREACHABLE_CODE = YES;
				CLANG_WARN__DUPLICATE_METHOD_MATCH = YES;
				COPY_PHASE_STRIP = NO;
				DEBUG_INFORMATION_FORMAT = dwarf;
				ENABLE_STRICT_OBJC_MSGSEND = YES;
				ENABLE_TESTABILITY = YES;
				GCC_C_LANGUAGE_STANDARD = gnu11;
				GCC_DYNAMIC_NO_PIC = NO;
				GCC_NO_COMMON_BLOCKS = YES;
				GCC_OPTIMIZATION_LEVEL = 0;
				GCC_PREPROCESSOR_DEFINITIONS = (
					"DEBUG=1",
					"$(inherited)",
				);
				GCC_WARN_64_TO_32_BIT_CONVERSION = YES;
				GCC_WARN_ABOUT_RETURN_TYPE = YES_ERROR;
				GCC_WARN_UNDECLARED_SELECTOR = YES;
				GCC_WARN_UNINITIALIZED_AUTOS = YES_AGGRESSIVE;
				GCC_WARN_UNUSED_FUNCTION = YES;
				GCC_WARN_UNUSED_VARIABLE = YES;
				IPHONEOS_DEPLOYMENT_TARGET = 14.5;
				MTL_ENABLE_DEBUG_INFO = INCLUDE_SOURCE;
				MTL_FAST_MATH = YES;
				ONLY_ACTIVE_ARCH = YES;
				SDKROOT = iphoneos;
				SWIFT_ACTIVE_COMPILATION_CONDITIONS = DEBUG;
				SWIFT_OPTIMIZATION_LEVEL = "-Onone";
			};
			name = Debug;
		};
		3F72B4F5273E2A6B00D0185F /* Release */ = {
			isa = XCBuildConfiguration;
			buildSettings = {
				ALWAYS_SEARCH_USER_PATHS = NO;
				CLANG_ANALYZER_NONNULL = YES;
				CLANG_ANALYZER_NUMBER_OBJECT_CONVERSION = YES_AGGRESSIVE;
				CLANG_CXX_LANGUAGE_STANDARD = "gnu++14";
				CLANG_CXX_LIBRARY = "libc++";
				CLANG_ENABLE_MODULES = YES;
				CLANG_ENABLE_OBJC_ARC = YES;
				CLANG_ENABLE_OBJC_WEAK = YES;
				CLANG_WARN_BLOCK_CAPTURE_AUTORELEASING = YES;
				CLANG_WARN_BOOL_CONVERSION = YES;
				CLANG_WARN_COMMA = YES;
				CLANG_WARN_CONSTANT_CONVERSION = YES;
				CLANG_WARN_DEPRECATED_OBJC_IMPLEMENTATIONS = YES;
				CLANG_WARN_DIRECT_OBJC_ISA_USAGE = YES_ERROR;
				CLANG_WARN_DOCUMENTATION_COMMENTS = YES;
				CLANG_WARN_EMPTY_BODY = YES;
				CLANG_WARN_ENUM_CONVERSION = YES;
				CLANG_WARN_INFINITE_RECURSION = YES;
				CLANG_WARN_INT_CONVERSION = YES;
				CLANG_WARN_NON_LITERAL_NULL_CONVERSION = YES;
				CLANG_WARN_OBJC_IMPLICIT_RETAIN_SELF = YES;
				CLANG_WARN_OBJC_LITERAL_CONVERSION = YES;
				CLANG_WARN_OBJC_ROOT_CLASS = YES_ERROR;
				CLANG_WARN_QUOTED_INCLUDE_IN_FRAMEWORK_HEADER = YES;
				CLANG_WARN_RANGE_LOOP_ANALYSIS = YES;
				CLANG_WARN_STRICT_PROTOTYPES = YES;
				CLANG_WARN_SUSPICIOUS_MOVE = YES;
				CLANG_WARN_UNGUARDED_AVAILABILITY = YES_AGGRESSIVE;
				CLANG_WARN_UNREACHABLE_CODE = YES;
				CLANG_WARN__DUPLICATE_METHOD_MATCH = YES;
				COPY_PHASE_STRIP = NO;
				DEBUG_INFORMATION_FORMAT = "dwarf-with-dsym";
				ENABLE_NS_ASSERTIONS = NO;
				ENABLE_STRICT_OBJC_MSGSEND = YES;
				GCC_C_LANGUAGE_STANDARD = gnu11;
				GCC_NO_COMMON_BLOCKS = YES;
				GCC_WARN_64_TO_32_BIT_CONVERSION = YES;
				GCC_WARN_ABOUT_RETURN_TYPE = YES_ERROR;
				GCC_WARN_UNDECLARED_SELECTOR = YES;
				GCC_WARN_UNINITIALIZED_AUTOS = YES_AGGRESSIVE;
				GCC_WARN_UNUSED_FUNCTION = YES;
				GCC_WARN_UNUSED_VARIABLE = YES;
				IPHONEOS_DEPLOYMENT_TARGET = 14.5;
				MTL_ENABLE_DEBUG_INFO = NO;
				MTL_FAST_MATH = YES;
				SDKROOT = iphoneos;
				SWIFT_COMPILATION_MODE = wholemodule;
				SWIFT_OPTIMIZATION_LEVEL = "-O";
				VALIDATE_PRODUCT = YES;
			};
			name = Release;
		};
		3F72B4F7273E2A6B00D0185F /* Debug */ = {
			isa = XCBuildConfiguration;
			buildSettings = {
				ASSETCATALOG_COMPILER_APPICON_NAME = AppIcon;
				ASSETCATALOG_COMPILER_GLOBAL_ACCENT_COLOR_NAME = AccentColor;
				CODE_SIGN_STYLE = Automatic;
				INFOPLIST_FILE = Exercise8_Chidambaram_Vijayalakshmi/Info.plist;
				LD_RUNPATH_SEARCH_PATHS = (
					"$(inherited)",
					"@executable_path/Frameworks",
				);
				PRODUCT_BUNDLE_IDENTIFIER = "com.uh.cpl.Exercise8-Chidambaram-Vijayalakshmi";
				PRODUCT_NAME = "$(TARGET_NAME)";
				SWIFT_VERSION = 5.0;
				TARGETED_DEVICE_FAMILY = "1,2";
			};
			name = Debug;
		};
		3F72B4F8273E2A6B00D0185F /* Release */ = {
			isa = XCBuildConfiguration;
			buildSettings = {
				ASSETCATALOG_COMPILER_APPICON_NAME = AppIcon;
				ASSETCATALOG_COMPILER_GLOBAL_ACCENT_COLOR_NAME = AccentColor;
				CODE_SIGN_STYLE = Automatic;
				INFOPLIST_FILE = Exercise8_Chidambaram_Vijayalakshmi/Info.plist;
				LD_RUNPATH_SEARCH_PATHS = (
					"$(inherited)",
					"@executable_path/Frameworks",
				);
				PRODUCT_BUNDLE_IDENTIFIER = "com.uh.cpl.Exercise8-Chidambaram-Vijayalakshmi";
				PRODUCT_NAME = "$(TARGET_NAME)";
				SWIFT_VERSION = 5.0;
				TARGETED_DEVICE_FAMILY = "1,2";
			};
			name = Release;
		};
		3F72B4FA273E2A6B00D0185F /* Debug */ = {
			isa = XCBuildConfiguration;
			buildSettings = {
				ALWAYS_EMBED_SWIFT_STANDARD_LIBRARIES = YES;
				BUNDLE_LOADER = "$(TEST_HOST)";
				CODE_SIGN_STYLE = Automatic;
				INFOPLIST_FILE = Exercise8_Chidambaram_VijayalakshmiTests/Info.plist;
				IPHONEOS_DEPLOYMENT_TARGET = 14.5;
				LD_RUNPATH_SEARCH_PATHS = (
					"$(inherited)",
					"@executable_path/Frameworks",
					"@loader_path/Frameworks",
				);
				PRODUCT_BUNDLE_IDENTIFIER = "com.uh.cpl.Exercise8-Chidambaram-VijayalakshmiTests";
				PRODUCT_NAME = "$(TARGET_NAME)";
				SWIFT_VERSION = 5.0;
				TARGETED_DEVICE_FAMILY = "1,2";
				TEST_HOST = "$(BUILT_PRODUCTS_DIR)/Exercise8_Chidambaram_Vijayalakshmi.app/Exercise8_Chidambaram_Vijayalakshmi";
			};
			name = Debug;
		};
		3F72B4FB273E2A6B00D0185F /* Release */ = {
			isa = XCBuildConfiguration;
			buildSettings = {
				ALWAYS_EMBED_SWIFT_STANDARD_LIBRARIES = YES;
				BUNDLE_LOADER = "$(TEST_HOST)";
				CODE_SIGN_STYLE = Automatic;
				INFOPLIST_FILE = Exercise8_Chidambaram_VijayalakshmiTests/Info.plist;
				IPHONEOS_DEPLOYMENT_TARGET = 14.5;
				LD_RUNPATH_SEARCH_PATHS = (
					"$(inherited)",
					"@executable_path/Frameworks",
					"@loader_path/Frameworks",
				);
				PRODUCT_BUNDLE_IDENTIFIER = "com.uh.cpl.Exercise8-Chidambaram-VijayalakshmiTests";
				PRODUCT_NAME = "$(TARGET_NAME)";
				SWIFT_VERSION = 5.0;
				TARGETED_DEVICE_FAMILY = "1,2";
				TEST_HOST = "$(BUILT_PRODUCTS_DIR)/Exercise8_Chidambaram_Vijayalakshmi.app/Exercise8_Chidambaram_Vijayalakshmi";
			};
			name = Release;
		};
		3F72B4FD273E2A6B00D0185F /* Debug */ = {
			isa = XCBuildConfiguration;
			buildSettings = {
				ALWAYS_EMBED_SWIFT_STANDARD_LIBRARIES = YES;
				CODE_SIGN_STYLE = Automatic;
				INFOPLIST_FILE = Exercise8_Chidambaram_VijayalakshmiUITests/Info.plist;
				LD_RUNPATH_SEARCH_PATHS = (
					"$(inherited)",
					"@executable_path/Frameworks",
					"@loader_path/Frameworks",
				);
				PRODUCT_BUNDLE_IDENTIFIER = "com.uh.cpl.Exercise8-Chidambaram-VijayalakshmiUITests";
				PRODUCT_NAME = "$(TARGET_NAME)";
				SWIFT_VERSION = 5.0;
				TARGETED_DEVICE_FAMILY = "1,2";
				TEST_TARGET_NAME = Exercise8_Chidambaram_Vijayalakshmi;
			};
			name = Debug;
		};
		3F72B4FE273E2A6B00D0185F /* Release */ = {
			isa = XCBuildConfiguration;
			buildSettings = {
				ALWAYS_EMBED_SWIFT_STANDARD_LIBRARIES = YES;
				CODE_SIGN_STYLE = Automatic;
				INFOPLIST_FILE = Exercise8_Chidambaram_VijayalakshmiUITests/Info.plist;
				LD_RUNPATH_SEARCH_PATHS = (
					"$(inherited)",
					"@executable_path/Frameworks",
					"@loader_path/Frameworks",
				);
				PRODUCT_BUNDLE_IDENTIFIER = "com.uh.cpl.Exercise8-Chidambaram-VijayalakshmiUITests";
				PRODUCT_NAME = "$(TARGET_NAME)";
				SWIFT_VERSION = 5.0;
				TARGETED_DEVICE_FAMILY = "1,2";
				TEST_TARGET_NAME = Exercise8_Chidambaram_Vijayalakshmi;
			};
			name = Release;
		};
/* End XCBuildConfiguration section */

/* Begin XCConfigurationList section */
		3F72B4C7273E2A6500D0185F /* Build configuration list for PBXProject "Exercise8_Chidambaram_Vijayalakshmi" */ = {
			isa = XCConfigurationList;
			buildConfigurations = (
				3F72B4F4273E2A6B00D0185F /* Debug */,
				3F72B4F5273E2A6B00D0185F /* Release */,
			);
			defaultConfigurationIsVisible = 0;
			defaultConfigurationName = Release;
		};
		3F72B4F6273E2A6B00D0185F /* Build configuration list for PBXNativeTarget "Exercise8_Chidambaram_Vijayalakshmi" */ = {
			isa = XCConfigurationList;
			buildConfigurations = (
				3F72B4F7273E2A6B00D0185F /* Debug */,
				3F72B4F8273E2A6B00D0185F /* Release */,
			);
			defaultConfigurationIsVisible = 0;
			defaultConfigurationName = Release;
		};
		3F72B4F9273E2A6B00D0185F /* Build configuration list for PBXNativeTarget "Exercise8_Chidambaram_VijayalakshmiTests" */ = {
			isa = XCConfigurationList;
			buildConfigurations = (
				3F72B4FA273E2A6B00D0185F /* Debug */,
				3F72B4FB273E2A6B00D0185F /* Release */,
			);
			defaultConfigurationIsVisible = 0;
			defaultConfigurationName = Release;
		};
		3F72B4FC273E2A6B00D0185F /* Build configuration list for PBXNativeTarget "Exercise8_Chidambaram_VijayalakshmiUITests" */ = {
			isa = XCConfigurationList;
			buildConfigurations = (
				3F72B4FD273E2A6B00D0185F /* Debug */,
				3F72B4FE273E2A6B00D0185F /* Release */,
			);
			defaultConfigurationIsVisible = 0;
			defaultConfigurationName = Release;
		};
/* End XCConfigurationList section */
	};
	rootObject = 3F72B4C4273E2A6500D0185F /* Project object */;
}
